# THIS IS AN AUTOGENERATED FILE. DO NOT EDIT THIS FILE DIRECTLY.
# yarn lockfile v1


"@heroicons/react@^1.0.1":
  version "1.0.1"
  resolved "https://registry.yarnpkg.com/@heroicons/react/-/react-1.0.1.tgz#66d25f6441920bd5c2146ea27fd33995885452dd"
  integrity sha512-uikw2gKCmqnvjVxitecWfFLMOKyL9BTFcU4VM3hHj9OMwpkCr5Ke+MRMyY2/aQVmsYs4VTq7NCFX05MYwAHi3g==

"@rescript/react@^0.10.3":
  version "0.10.3"
  resolved "https://registry.yarnpkg.com/@rescript/react/-/react-0.10.3.tgz#a2a8bed6b017940ec26c2154764b350f50348889"
  integrity sha512-Lf9rzrR3bQPKJjOK3PBRa/B3xrJ7CqQ1HYr9VHPVxJidarIJJFZBhj0Dg1uZURX+Wg/xiP0PHFxXmdj2bK8Vxw==

rescript@^9.1.2:
  version "9.1.2"
  resolved "https://registry.yarnpkg.com/rescript/-/rescript-9.1.2.tgz#a81f8a735f1a7006233bfc72eb081ca7182a0d79"
  integrity sha512-4wHvTDv3nyYnAPJHcg1RGG8z7u3HDiBf6RN3P/dITDv859Qo35aKOzJWQtfBzbAs0EKNafLqei3TnUqiAv6BwQ==
